<?xml version="1.0" encoding="utf-8"?>
<Project ToolsVersion="4.0" xmlns="http://schemas.microsoft.com/developer/msbuild/2003">
  <ItemGroup>
    <Filter Include="Source Files">
      <UniqueIdentifier>{4FC737F1-C7A5-4376-A066-2A32D752A2FF}</UniqueIdentifier>
      <Extensions>cpp;c;cc;cxx;c++;cppm;ixx;def;odl;idl;hpj;bat;asm;asmx</Extensions>
    </Filter>
    <Filter Include="Header Files">
      <UniqueIdentifier>{93995380-89BD-4b04-88EB-625FBE52EBFB}</UniqueIdentifier>
      <Extensions>h;hh;hpp;hxx;h++;hm;inl;inc;ipp;xsd</Extensions>
    </Filter>
    <Filter Include="Resource Files">
      <UniqueIdentifier>{67DA6AB6-F800-4c08-8B7A-83BB121AAD01}</UniqueIdentifier>
      <Extensions>rc;ico;cur;bmp;dlg;rc2;rct;bin;rgs;gif;jpg;jpeg;jpe;resx;tiff;tif;png;wav;mfcribbon-ms</Extensions>
    </Filter>
    <Filter Include="Shaders">
      <UniqueIdentifier>{3aaa4db9-b444-41c2-9c9b-b2c38458ffb7}</UniqueIdentifier>
    </Filter>
    <Filter Include="CoreLib">
      <UniqueIdentifier>{c039a878-cd13-4388-a30a-2047f284fb8c}</UniqueIdentifier>
    </Filter>
    <Filter Include="CoreLib\Header Files">
      <UniqueIdentifier>{f1d20fea-c615-4b88-9681-353e6c2fd673}</UniqueIdentifier>
    </Filter>
    <Filter Include="CoreLib\Source Files">
      <UniqueIdentifier>{7e390281-de91-4f2b-be72-7106aed3c535}</UniqueIdentifier>
    </Filter>
  </ItemGroup>
  <ItemGroup>
    <ClCompile Include="Main.cpp">
      <Filter>Source Files</Filter>
    </ClCompile>
    <ClCompile Include="pch.cpp">
      <Filter>Source Files</Filter>
    </ClCompile>
    <ClCompile Include="corelib\Core.cpp">
      <Filter>CoreLib\Source Files</Filter>
    </ClCompile>
    <ClCompile Include="corelib\PMDRenderer.cpp">
      <Filter>CoreLib\Source Files</Filter>
    </ClCompile>
    <ClCompile Include="corelib\Renderer.cpp">
      <Filter>CoreLib\Source Files</Filter>
    </ClCompile>
    <ClCompile Include="corelib\Scene.cpp">
      <Filter>CoreLib\Source Files</Filter>
    </ClCompile>
    <ClCompile Include="corelib\Utility.cpp">
      <Filter>CoreLib\Source Files</Filter>
    </ClCompile>
    <ClCompile Include="corelib\Window.cpp">
      <Filter>CoreLib\Source Files</Filter>
    </ClCompile>
    <ClCompile Include="src\TestScene.cpp">
      <Filter>Source Files</Filter>
    </ClCompile>
    <ClCompile Include="corelib\Texture.cpp">
      <Filter>CoreLib\Source Files</Filter>
    </ClCompile>
    <ClCompile Include="corelib\Actor.cpp">
      <Filter>CoreLib\Source Files</Filter>
    </ClCompile>
    <ClCompile Include="src\PMDActor.cpp">
      <Filter>Source Files</Filter>
    </ClCompile>
  </ItemGroup>
  <ItemGroup>
    <FxCompile Include="shaders\VertexShader.hlsl">
      <Filter>Shaders</Filter>
    </FxCompile>
    <FxCompile Include="shaders\PixelShader.hlsl">
      <Filter>Shaders</Filter>
    </FxCompile>
  </ItemGroup>
  <ItemGroup>
    <None Include="shaders\ShaderStructs.hlsli">
      <Filter>Shaders</Filter>
    </None>
    <None Include="cpp.hint" />
  </ItemGroup>
  <ItemGroup>
    <ClInclude Include="pch.h">
      <Filter>Header Files</Filter>
    </ClInclude>
    <ClInclude Include="corelib\Core.h">
      <Filter>CoreLib\Header Files</Filter>
    </ClInclude>
    <ClInclude Include="corelib\PMDRenderer.h">
      <Filter>CoreLib\Header Files</Filter>
    </ClInclude>
    <ClInclude Include="corelib\Renderer.h">
      <Filter>CoreLib\Header Files</Filter>
    </ClInclude>
    <ClInclude Include="corelib\Scene.h">
      <Filter>CoreLib\Header Files</Filter>
    </ClInclude>
    <ClInclude Include="corelib\Utility.h">
      <Filter>CoreLib\Header Files</Filter>
    </ClInclude>
    <ClInclude Include="corelib\Window.h">
      <Filter>CoreLib\Header Files</Filter>
    </ClInclude>
    <ClInclude Include="src\TestScene.h">
      <Filter>Header Files</Filter>
    </ClInclude>
    <ClInclude Include="corelib\Texture.h">
      <Filter>CoreLib\Header Files</Filter>
    </ClInclude>
    <ClInclude Include="corelib\Helpers.h">
      <Filter>CoreLib\Header Files</Filter>
    </ClInclude>
    <ClInclude Include="corelib\Actor.h">
      <Filter>CoreLib\Header Files</Filter>
    </ClInclude>
    <ClInclude Include="src\PMDActor.h">
      <Filter>Header Files</Filter>
    </ClInclude>
  </ItemGroup>
</Project>