<?xml version="1.0" encoding="utf-8"?>
<Project ToolsVersion="4.0" xmlns="http://schemas.microsoft.com/developer/msbuild/2003">
  <ItemGroup>
    <Filter Include="Source Files">
      <UniqueIdentifier>{4FC737F1-C7A5-4376-A066-2A32D752A2FF}</UniqueIdentifier>
      <Extensions>cpp;c;cc;cxx;c++;cppm;ixx;def;odl;idl;hpj;bat;asm;asmx</Extensions>
    </Filter>
    <Filter Include="Header Files">
      <UniqueIdentifier>{93995380-89BD-4b04-88EB-625FBE52EBFB}</UniqueIdentifier>
      <Extensions>h;hh;hpp;hxx;h++;hm;inl;inc;ipp;xsd</Extensions>
    </Filter>
    <Filter Include="Resource Files">
      <UniqueIdentifier>{67DA6AB6-F800-4c08-8B7A-83BB121AAD01}</UniqueIdentifier>
      <Extensions>rc;ico;cur;bmp;dlg;rc2;rct;bin;rgs;gif;jpg;jpeg;jpe;resx;tiff;tif;png;wav;mfcribbon-ms</Extensions>
    </Filter>
    <Filter Include="Shaders">
      <UniqueIdentifier>{3aaa4db9-b444-41c2-9c9b-b2c38458ffb7}</UniqueIdentifier>
    </Filter>
    <Filter Include="Header Files\Corelib">
      <UniqueIdentifier>{0ac47f34-3c1b-4d74-8c91-d555ddf3dfba}</UniqueIdentifier>
    </Filter>
    <Filter Include="Source Files\Corelib">
      <UniqueIdentifier>{2e793d5d-faca-4c7e-9e6d-16acdbb9d05b}</UniqueIdentifier>
    </Filter>
  </ItemGroup>
  <ItemGroup>
    <ClCompile Include="Main.cpp">
      <Filter>Source Files</Filter>
    </ClCompile>
    <ClCompile Include="pch.cpp">
      <Filter>Source Files</Filter>
    </ClCompile>
    <ClCompile Include="corelib\Core.cpp">
      <Filter>Source Files\Corelib</Filter>
    </ClCompile>
    <ClCompile Include="corelib\PMDRenderer.cpp">
      <Filter>Source Files\Corelib</Filter>
    </ClCompile>
    <ClCompile Include="corelib\Renderer.cpp">
      <Filter>Source Files\Corelib</Filter>
    </ClCompile>
    <ClCompile Include="corelib\Scene.cpp">
      <Filter>Source Files\Corelib</Filter>
    </ClCompile>
    <ClCompile Include="corelib\Utility.cpp">
      <Filter>Source Files\Corelib</Filter>
    </ClCompile>
    <ClCompile Include="corelib\Window.cpp">
      <Filter>Source Files\Corelib</Filter>
    </ClCompile>
  </ItemGroup>
  <ItemGroup>
    <FxCompile Include="shaders\VertexShader.hlsl">
      <Filter>Shaders</Filter>
    </FxCompile>
    <FxCompile Include="shaders\PixelShader.hlsl">
      <Filter>Shaders</Filter>
    </FxCompile>
  </ItemGroup>
  <ItemGroup>
    <None Include="shaders\ShaderStructs.hlsli">
      <Filter>Shaders</Filter>
    </None>
    <None Include="packages.config" />
    <None Include="cpp.hint" />
  </ItemGroup>
  <ItemGroup>
    <ClInclude Include="pch.h">
      <Filter>Header Files</Filter>
    </ClInclude>
    <ClInclude Include="corelib\Core.h">
      <Filter>Header Files\Corelib</Filter>
    </ClInclude>
    <ClInclude Include="corelib\PMDRenderer.h">
      <Filter>Header Files\Corelib</Filter>
    </ClInclude>
    <ClInclude Include="corelib\Renderer.h">
      <Filter>Header Files\Corelib</Filter>
    </ClInclude>
    <ClInclude Include="corelib\Scene.h">
      <Filter>Header Files\Corelib</Filter>
    </ClInclude>
    <ClInclude Include="corelib\Utility.h">
      <Filter>Header Files\Corelib</Filter>
    </ClInclude>
    <ClInclude Include="corelib\Window.h">
      <Filter>Header Files\Corelib</Filter>
    </ClInclude>
  </ItemGroup>
</Project>